
Microsoft Visual Studio Solution File, Format Version 12.00
# Visual Studio Version 16
VisualStudioVersion = 16.0.34301.259
MinimumVisualStudioVersion = 10.0.40219.1
Project("{FAE04EC0-301F-11D3-BF4B-00C04F79EFBC}") = "ErrorHandlingSolution.Workflows", "ErrorHandlingSolution\ErrorHandlingSolution.Workflows.csproj", "{5DB5BEC9-EE28-4F46-A02A-D32AD30CCC21}"
EndProject
Project("{FAE04EC0-301F-11D3-BF4B-00C04F79EFBC}") = "ErrorHandling.UnitTests", "ErrorHandling.UnitTests\ErrorHandling.UnitTests.csproj", "{D6AB4226-BFBA-480E-9B73-DCE4A94A8199}"
EndProject
Global
	GlobalSection(SolutionConfigurationPlatforms) = preSolution
		Debug|Any CPU = Debug|Any CPU
		Release|Any CPU = Release|Any CPU
	EndGlobalSection
	GlobalSection(ProjectConfigurationPlatforms) = postSolution
		{5DB5BEC9-EE28-4F46-A02A-D32AD30CCC21}.Debug|Any CPU.ActiveCfg = Debug|Any CPU
		{5DB5BEC9-EE28-4F46-A02A-D32AD30CCC21}.Debug|Any CPU.Build.0 = Debug|Any CPU
		{5DB5BEC9-EE28-4F46-A02A-D32AD30CCC21}.Release|Any CPU.ActiveCfg = Release|Any CPU
		{5DB5BEC9-EE28-4F46-A02A-D32AD30CCC21}.Release|Any CPU.Build.0 = Release|Any CPU
		{D6AB4226-BFBA-480E-9B73-DCE4A94A8199}.Debug|Any CPU.ActiveCfg = Debug|Any CPU
		{D6AB4226-BFBA-480E-9B73-DCE4A94A8199}.Debug|Any CPU.Build.0 = Debug|Any CPU
		{D6AB4226-BFBA-480E-9B73-DCE4A94A8199}.Release|Any CPU.ActiveCfg = Release|Any CPU
		{D6AB4226-BFBA-480E-9B73-DCE4A94A8199}.Release|Any CPU.Build.0 = Release|Any CPU
	EndGlobalSection
	GlobalSection(SolutionProperties) = preSolution
		HideSolutionNode = FALSE
	EndGlobalSection
	GlobalSection(ExtensibilityGlobals) = postSolution
		SolutionGuid = {B5ABE2F5-7F4F-432B-878A-CA7F86664AC3}
	EndGlobalSection
EndGlobal
